
Microsoft Visual Studio Solution File, Format Version 10.00
# Visual Studio 2008
Project("{FAE04EC0-301F-11D3-BF4B-00C04F79EFBC}") = "DesignPatternPractice", "DesignPatternPractice\DesignPatternPractice.csproj", "{BAAF32C1-EBCB-41F5-8547-095CDF3E245F}"
EndProject
Global
	GlobalSection(SolutionConfigurationPlatforms) = preSolution
		Debug|x86 = Debug|x86
		Release|x86 = Release|x86
	EndGlobalSection
	GlobalSection(ProjectConfigurationPlatforms) = postSolution
		{BAAF32C1-EBCB-41F5-8547-095CDF3E245F}.Debug|x86.ActiveCfg = Debug|x86
		{BAAF32C1-EBCB-41F5-8547-095CDF3E245F}.Debug|x86.Build.0 = Debug|x86
		{BAAF32C1-EBCB-41F5-8547-095CDF3E245F}.Release|x86.ActiveCfg = Release|x86
		{BAAF32C1-EBCB-41F5-8547-095CDF3E245F}.Release|x86.Build.0 = Release|x86
	EndGlobalSection
	GlobalSection(MonoDevelopProperties) = preSolution
		StartupItem = DesignPatternPractice\DesignPatternPractice.csproj
	EndGlobalSection
EndGlobal
